
Microsoft Visual Studio Solution File, Format Version 12.00
# Visual Studio Version 17
VisualStudioVersion = 17.7.34031.279
MinimumVisualStudioVersion = 10.0.40219.1
Project("{9A19103F-16F7-4668-BE54-9A1E7A4F7556}") = "GeocodeLambda", "GeocodeLambda\GeocodeLambda.csproj", "{5D24CAED-000D-453F-BF77-B1BE43DE6F90}"
EndProject
Project("{9A19103F-16F7-4668-BE54-9A1E7A4F7556}") = "GeocodeLambda.Tests", "GeocodeLambda.Tests\GeocodeLambda.Tests.csproj", "{89D1F38E-AEEA-401A-B233-17FA42CCCCA2}"
EndProject
Project("{2150E333-8FDC-42A3-9474-1A3956D46DE8}") = "Solution Items", "Solution Items", "{2218B1A1-221B-4146-82BB-8FDEB8099B1E}"
	ProjectSection(SolutionItems) = preProject
		.gitignore = .gitignore
	EndProjectSection
EndProject
Global
	GlobalSection(SolutionConfigurationPlatforms) = preSolution
		Debug|Any CPU = Debug|Any CPU
		Release|Any CPU = Release|Any CPU
	EndGlobalSection
	GlobalSection(ProjectConfigurationPlatforms) = postSolution
		{5D24CAED-000D-453F-BF77-B1BE43DE6F90}.Debug|Any CPU.ActiveCfg = Debug|Any CPU
		{5D24CAED-000D-453F-BF77-B1BE43DE6F90}.Debug|Any CPU.Build.0 = Debug|Any CPU
		{5D24CAED-000D-453F-BF77-B1BE43DE6F90}.Release|Any CPU.ActiveCfg = Release|Any CPU
		{5D24CAED-000D-453F-BF77-B1BE43DE6F90}.Release|Any CPU.Build.0 = Release|Any CPU
		{89D1F38E-AEEA-401A-B233-17FA42CCCCA2}.Debug|Any CPU.ActiveCfg = Debug|Any CPU
		{89D1F38E-AEEA-401A-B233-17FA42CCCCA2}.Debug|Any CPU.Build.0 = Debug|Any CPU
		{89D1F38E-AEEA-401A-B233-17FA42CCCCA2}.Release|Any CPU.ActiveCfg = Release|Any CPU
		{89D1F38E-AEEA-401A-B233-17FA42CCCCA2}.Release|Any CPU.Build.0 = Release|Any CPU
	EndGlobalSection
	GlobalSection(SolutionProperties) = preSolution
		HideSolutionNode = FALSE
	EndGlobalSection
	GlobalSection(ExtensibilityGlobals) = postSolution
		SolutionGuid = {11CE4FB6-4FEF-4BB8-A415-D569F7877E94}
	EndGlobalSection
EndGlobal
